# THIS IS AN AUTOGENERATED FILE. DO NOT EDIT THIS FILE DIRECTLY.
# yarn lockfile v1


"@tensorflow/tfjs-core@0.8.4":
  version "0.8.4"
  resolved "http://registry.npm.taobao.org/@tensorflow/tfjs-core/download/@tensorflow/tfjs-core-0.8.4.tgz#20c5bf017cb57486ca77cc01a92d6df85c2e38ff"
  dependencies:
    seedrandom "~2.4.3"

"@tensorflow/tfjs-layers@0.5.3":
  version "0.5.3"
  resolved "http://registry.npm.taobao.org/@tensorflow/tfjs-layers/download/@tensorflow/tfjs-layers-0.5.3.tgz#0b45624ba8bcbd8e904f68344f16cf6358c695af"

"@tensorflow/tfjs@^0.10.3":
  version "0.10.3"
  resolved "http://registry.npm.taobao.org/@tensorflow/tfjs/download/@tensorflow/tfjs-0.10.3.tgz#29d44e57d53492532829c768958151fb8893b2ab"
  dependencies:
    "@tensorflow/tfjs-core" "0.8.4"
    "@tensorflow/tfjs-layers" "0.5.3"

seedrandom@~2.4.3:
  version "2.4.3"
  resolved "http://registry.npm.taobao.org/seedrandom/download/seedrandom-2.4.3.tgz#2438504dad33917314bff18ac4d794f16d6aaecc"
