PODS:
  - SDWebImage (3.7.5):
    - SDWebImage/Core (= 3.7.5)
  - SDWebImage/Core (3.7.5)
  - SocketRocket (0.4.2)
  - Weexplugin (0.0.1):
    - WeexSDK
  - WeexSDK (0.15.1):
    - SocketRocket
  - WXDevtool (0.15.3):
    - WeexSDK

DEPENDENCIES:
  - SDWebImage (= 3.7.5)
  - SocketRocket (= 0.4.2)
  - Weexplugin (from `./Weexplugin/`)
  - WeexSDK
  - WXDevtool

EXTERNAL SOURCES:
  Weexplugin:
    :path: ./Weexplugin/

SPEC CHECKSUMS:
  SDWebImage: 69c6303e3348fba97e03f65d65d4fbc26740f461
  SocketRocket: ffe08119b00ef982f6c37052a4705a057c8494ad
  Weexplugin: dadac50b025a2724a502250272a2d4333abe9d6e
  WeexSDK: 5282685df6d7279213a51a3142b915759f6e3413
  WXDevtool: 6c837383e778a9442ee500db4069a95be321dac6

PODFILE CHECKSUM: cf7bfb5107716a536655c146e411512d942b3f27

COCOAPODS: 1.3.1
