{
  "name": "hello-ws",
  "version": "1.0.0",
  "lockfileVersion": 1,
  "requires": true,
  "dependencies": {
    "async-limiter": {
      "version": "1.0.0",
      "resolved": "http://registry.npm.taobao.org/async-limiter/download/async-limiter-1.0.0.tgz",
      "integrity": "sha1-ePrtjD0HSrgfIrTphdeehzj3IPg=",
      "dev": true
    },
    "ws": {
      "version": "5.1.1",
      "resolved": "http://registry.npm.taobao.org/ws/download/ws-5.1.1.tgz",
      "integrity": "sha1-HUNwRolxGsGUL9Lyg+OPglxLi5U=",
      "dev": true,
      "requires": {
        "async-limiter": "1.0.0"
      }
    }
  }
}
